// !$*UTF8*$!
{
	archiveVersion = 1;
	classes = {
	};
	objectVersion = 56;
	objects = {

/* Begin PBXBuildFile section */
		242C0C2228EEDD00004BF634 /* AppDelegate.swift in Sources */ = {isa = PBXBuildFile; fileRef = 242C0C2128EEDD00004BF634 /* AppDelegate.swift */; };
		242C0C2428EEDD00004BF634 /* SceneDelegate.swift in Sources */ = {isa = PBXBuildFile; fileRef = 242C0C2328EEDD00004BF634 /* SceneDelegate.swift */; };
		242C0C2628EEDD00004BF634 /* MainViewController.swift in Sources */ = {isa = PBXBuildFile; fileRef = 242C0C2528EEDD00004BF634 /* MainViewController.swift */; };
		242C0C2B28EEDD01004BF634 /* Assets.xcassets in Resources */ = {isa = PBXBuildFile; fileRef = 242C0C2A28EEDD01004BF634 /* Assets.xcassets */; };
		242C0C2E28EEDD01004BF634 /* LaunchScreen.storyboard in Resources */ = {isa = PBXBuildFile; fileRef = 242C0C2C28EEDD01004BF634 /* LaunchScreen.storyboard */; };
		242C0C3B28EEDF5A004BF634 /* MainStackView.swift in Sources */ = {isa = PBXBuildFile; fileRef = 242C0C3A28EEDF5A004BF634 /* MainStackView.swift */; };
		242C0C3F28EEE1FD004BF634 /* UIStackView + Extensions.swift in Sources */ = {isa = PBXBuildFile; fileRef = 242C0C3E28EEE1FD004BF634 /* UIStackView + Extensions.swift */; };
		243FE0D728F99F2D00A4FCE8 /* Double + Extensions.swift in Sources */ = {isa = PBXBuildFile; fileRef = 243FE0D628F99F2D00A4FCE8 /* Double + Extensions.swift */; };
		24902AAC28F1CF82001D1BFE /* OperationsModel.swift in Sources */ = {isa = PBXBuildFile; fileRef = 24902AAB28F1CF82001D1BFE /* OperationsModel.swift */; };
		24902AAE28F1D030001D1BFE /* CalculationModel.swift in Sources */ = {isa = PBXBuildFile; fileRef = 24902AAD28F1D030001D1BFE /* CalculationModel.swift */; };
/* End PBXBuildFile section */

/* Begin PBXFileReference section */
		242C0C1E28EEDD00004BF634 /* Calculator_App.app */ = {isa = PBXFileReference; explicitFileType = wrapper.application; includeInIndex = 0; path = Calculator_App.app; sourceTree = BUILT_PRODUCTS_DIR; };
		242C0C2128EEDD00004BF634 /* AppDelegate.swift */ = {isa = PBXFileReference; lastKnownFileType = sourcecode.swift; path = AppDelegate.swift; sourceTree = "<group>"; };
		242C0C2328EEDD00004BF634 /* SceneDelegate.swift */ = {isa = PBXFileReference; lastKnownFileType = sourcecode.swift; path = SceneDelegate.swift; sourceTree = "<group>"; };
		242C0C2528EEDD00004BF634 /* MainViewController.swift */ = {isa = PBXFileReference; lastKnownFileType = sourcecode.swift; path = MainViewController.swift; sourceTree = "<group>"; };
		242C0C2A28EEDD01004BF634 /* Assets.xcassets */ = {isa = PBXFileReference; lastKnownFileType = folder.assetcatalog; path = Assets.xcassets; sourceTree = "<group>"; };
		242C0C2D28EEDD01004BF634 /* Base */ = {isa = PBXFileReference; lastKnownFileType = file.storyboard; name = Base; path = Base.lproj/LaunchScreen.storyboard; sourceTree = "<group>"; };
		242C0C2F28EEDD01004BF634 /* Info.plist */ = {isa = PBXFileReference; lastKnownFileType = text.plist.xml; path = Info.plist; sourceTree = "<group>"; };
		242C0C3A28EEDF5A004BF634 /* MainStackView.swift */ = {isa = PBXFileReference; lastKnownFileType = sourcecode.swift; path = MainStackView.swift; sourceTree = "<group>"; };
		242C0C3E28EEE1FD004BF634 /* UIStackView + Extensions.swift */ = {isa = PBXFileReference; lastKnownFileType = sourcecode.swift; path = "UIStackView + Extensions.swift"; sourceTree = "<group>"; };
		243FE0D628F99F2D00A4FCE8 /* Double + Extensions.swift */ = {isa = PBXFileReference; lastKnownFileType = sourcecode.swift; path = "Double + Extensions.swift"; sourceTree = "<group>"; };
		24902AAB28F1CF82001D1BFE /* OperationsModel.swift */ = {isa = PBXFileReference; lastKnownFileType = sourcecode.swift; path = OperationsModel.swift; sourceTree = "<group>"; };
		24902AAD28F1D030001D1BFE /* CalculationModel.swift */ = {isa = PBXFileReference; lastKnownFileType = sourcecode.swift; path = CalculationModel.swift; sourceTree = "<group>"; };
/* End PBXFileReference section */

/* Begin PBXFrameworksBuildPhase section */
		242C0C1B28EEDD00004BF634 /* Frameworks */ = {
			isa = PBXFrameworksBuildPhase;
			buildActionMask = 2147483647;
			files = (
			);
			runOnlyForDeploymentPostprocessing = 0;
		};
/* End PBXFrameworksBuildPhase section */

/* Begin PBXGroup section */
		242C0C1528EEDCFF004BF634 = {
			isa = PBXGroup;
			children = (
				242C0C2028EEDD00004BF634 /* Calculator_App */,
				242C0C1F28EEDD00004BF634 /* Products */,
			);
			sourceTree = "<group>";
		};
		242C0C1F28EEDD00004BF634 /* Products */ = {
			isa = PBXGroup;
			children = (
				242C0C1E28EEDD00004BF634 /* Calculator_App.app */,
			);
			name = Products;
			sourceTree = "<group>";
		};
		242C0C2028EEDD00004BF634 /* Calculator_App */ = {
			isa = PBXGroup;
			children = (
				242C0C3528EEDDC7004BF634 /* Application */,
				242C0C3628EEDDD7004BF634 /* Models */,
				242C0C3728EEDDE8004BF634 /* Views */,
				242C0C3828EEDDEF004BF634 /* Controllers */,
				242C0C3C28EEE1BC004BF634 /* Extensions */,
				242C0C3928EEDE03004BF634 /* Resources */,
			);
			path = Calculator_App;
			sourceTree = "<group>";
		};
		242C0C3528EEDDC7004BF634 /* Application */ = {
			isa = PBXGroup;
			children = (
				242C0C2128EEDD00004BF634 /* AppDelegate.swift */,
				242C0C2328EEDD00004BF634 /* SceneDelegate.swift */,
			);
			path = Application;
			sourceTree = "<group>";
		};
		242C0C3628EEDDD7004BF634 /* Models */ = {
			isa = PBXGroup;
			children = (
				24902AAB28F1CF82001D1BFE /* OperationsModel.swift */,
				24902AAD28F1D030001D1BFE /* CalculationModel.swift */,
			);
			path = Models;
			sourceTree = "<group>";
		};
		242C0C3728EEDDE8004BF634 /* Views */ = {
			isa = PBXGroup;
			children = (
				242C0C3A28EEDF5A004BF634 /* MainStackView.swift */,
			);
			path = Views;
			sourceTree = "<group>";
		};
		242C0C3828EEDDEF004BF634 /* Controllers */ = {
			isa = PBXGroup;
			children = (
				242C0C2528EEDD00004BF634 /* MainViewController.swift */,
			);
			path = Controllers;
			sourceTree = "<group>";
		};
		242C0C3928EEDE03004BF634 /* Resources */ = {
			isa = PBXGroup;
			children = (
				242C0C2A28EEDD01004BF634 /* Assets.xcassets */,
				242C0C2C28EEDD01004BF634 /* LaunchScreen.storyboard */,
				242C0C2F28EEDD01004BF634 /* Info.plist */,
			);
			path = Resources;
			sourceTree = "<group>";
		};
		242C0C3C28EEE1BC004BF634 /* Extensions */ = {
			isa = PBXGroup;
			children = (
				242C0C3D28EEE1D9004BF634 /* UIKit */,
				243FE0D628F99F2D00A4FCE8 /* Double + Extensions.swift */,
			);
			path = Extensions;
			sourceTree = "<group>";
		};
		242C0C3D28EEE1D9004BF634 /* UIKit */ = {
			isa = PBXGroup;
			children = (
				242C0C3E28EEE1FD004BF634 /* UIStackView + Extensions.swift */,
			);
			path = UIKit;
			sourceTree = "<group>";
		};
/* End PBXGroup section */

/* Begin PBXNativeTarget section */
		242C0C1D28EEDD00004BF634 /* Calculator_App */ = {
			isa = PBXNativeTarget;
			buildConfigurationList = 242C0C3228EEDD01004BF634 /* Build configuration list for PBXNativeTarget "Calculator_App" */;
			buildPhases = (
				242C0C1A28EEDD00004BF634 /* Sources */,
				242C0C1B28EEDD00004BF634 /* Frameworks */,
				242C0C1C28EEDD00004BF634 /* Resources */,
			);
			buildRules = (
			);
			dependencies = (
			);
			name = Calculator_App;
			productName = Calculator_App;
			productReference = 242C0C1E28EEDD00004BF634 /* Calculator_App.app */;
			productType = "com.apple.product-type.application";
		};
/* End PBXNativeTarget section */

/* Begin PBXProject section */
		242C0C1628EEDCFF004BF634 /* Project object */ = {
			isa = PBXProject;
			attributes = {
				BuildIndependentTargetsInParallel = 1;
				LastSwiftUpdateCheck = 1400;
				LastUpgradeCheck = 1400;
				TargetAttributes = {
					242C0C1D28EEDD00004BF634 = {
						CreatedOnToolsVersion = 14.0.1;
					};
				};
			};
			buildConfigurationList = 242C0C1928EEDCFF004BF634 /* Build configuration list for PBXProject "Calculator_App" */;
			compatibilityVersion = "Xcode 14.0";
			developmentRegion = en;
			hasScannedForEncodings = 0;
			knownRegions = (
				en,
				Base,
			);
			mainGroup = 242C0C1528EEDCFF004BF634;
			productRefGroup = 242C0C1F28EEDD00004BF634 /* Products */;
			projectDirPath = "";
			projectRoot = "";
			targets = (
				242C0C1D28EEDD00004BF634 /* Calculator_App */,
			);
		};
/* End PBXProject section */

/* Begin PBXResourcesBuildPhase section */
		242C0C1C28EEDD00004BF634 /* Resources */ = {
			isa = PBXResourcesBuildPhase;
			buildActionMask = 2147483647;
			files = (
				242C0C2E28EEDD01004BF634 /* LaunchScreen.storyboard in Resources */,
				242C0C2B28EEDD01004BF634 /* Assets.xcassets in Resources */,
			);
			runOnlyForDeploymentPostprocessing = 0;
		};
/* End PBXResourcesBuildPhase section */

/* Begin PBXSourcesBuildPhase section */
		242C0C1A28EEDD00004BF634 /* Sources */ = {
			isa = PBXSourcesBuildPhase;
			buildActionMask = 2147483647;
			files = (
				242C0C3B28EEDF5A004BF634 /* MainStackView.swift in Sources */,
				242C0C2628EEDD00004BF634 /* MainViewController.swift in Sources */,
				243FE0D728F99F2D00A4FCE8 /* Double + Extensions.swift in Sources */,
				24902AAE28F1D030001D1BFE /* CalculationModel.swift in Sources */,
				242C0C2228EEDD00004BF634 /* AppDelegate.swift in Sources */,
				242C0C3F28EEE1FD004BF634 /* UIStackView + Extensions.swift in Sources */,
				242C0C2428EEDD00004BF634 /* SceneDelegate.swift in Sources */,
				24902AAC28F1CF82001D1BFE /* OperationsModel.swift in Sources */,
			);
			runOnlyForDeploymentPostprocessing = 0;
		};
/* End PBXSourcesBuildPhase section */

/* Begin PBXVariantGroup section */
		242C0C2C28EEDD01004BF634 /* LaunchScreen.storyboard */ = {
			isa = PBXVariantGroup;
			children = (
				242C0C2D28EEDD01004BF634 /* Base */,
			);
			name = LaunchScreen.storyboard;
			sourceTree = "<group>";
		};
/* End PBXVariantGroup section */

/* Begin XCBuildConfiguration section */
		242C0C3028EEDD01004BF634 /* Debug */ = {
			isa = XCBuildConfiguration;
			buildSettings = {
				ALWAYS_SEARCH_USER_PATHS = NO;
				CLANG_ANALYZER_NONNULL = YES;
				CLANG_ANALYZER_NUMBER_OBJECT_CONVERSION = YES_AGGRESSIVE;
				CLANG_CXX_LANGUAGE_STANDARD = "gnu++20";
				CLANG_ENABLE_MODULES = YES;
				CLANG_ENABLE_OBJC_ARC = YES;
				CLANG_ENABLE_OBJC_WEAK = YES;
				CLANG_WARN_BLOCK_CAPTURE_AUTORELEASING = YES;
				CLANG_WARN_BOOL_CONVERSION = YES;
				CLANG_WARN_COMMA = YES;
				CLANG_WARN_CONSTANT_CONVERSION = YES;
				CLANG_WARN_DEPRECATED_OBJC_IMPLEMENTATIONS = YES;
				CLANG_WARN_DIRECT_OBJC_ISA_USAGE = YES_ERROR;
				CLANG_WARN_DOCUMENTATION_COMMENTS = YES;
				CLANG_WARN_EMPTY_BODY = YES;
				CLANG_WARN_ENUM_CONVERSION = YES;
				CLANG_WARN_INFINITE_RECURSION = YES;
				CLANG_WARN_INT_CONVERSION = YES;
				CLANG_WARN_NON_LITERAL_NULL_CONVERSION = YES;
				CLANG_WARN_OBJC_IMPLICIT_RETAIN_SELF = YES;
				CLANG_WARN_OBJC_LITERAL_CONVERSION = YES;
				CLANG_WARN_OBJC_ROOT_CLASS = YES_ERROR;
				CLANG_WARN_QUOTED_INCLUDE_IN_FRAMEWORK_HEADER = YES;
				CLANG_WARN_RANGE_LOOP_ANALYSIS = YES;
				CLANG_WARN_STRICT_PROTOTYPES = YES;
				CLANG_WARN_SUSPICIOUS_MOVE = YES;
				CLANG_WARN_UNGUARDED_AVAILABILITY = YES_AGGRESSIVE;
				CLANG_WARN_UNREACHABLE_CODE = YES;
				CLANG_WARN__DUPLICATE_METHOD_MATCH = YES;
				COPY_PHASE_STRIP = NO;
				DEBUG_INFORMATION_FORMAT = dwarf;
				ENABLE_STRICT_OBJC_MSGSEND = YES;
				ENABLE_TESTABILITY = YES;
				GCC_C_LANGUAGE_STANDARD = gnu11;
				GCC_DYNAMIC_NO_PIC = NO;
				GCC_NO_COMMON_BLOCKS = YES;
				GCC_OPTIMIZATION_LEVEL = 0;
				GCC_PREPROCESSOR_DEFINITIONS = (
					"DEBUG=1",
					"$(inherited)",
				);
				GCC_WARN_64_TO_32_BIT_CONVERSION = YES;
				GCC_WARN_ABOUT_RETURN_TYPE = YES_ERROR;
				GCC_WARN_UNDECLARED_SELECTOR = YES;
				GCC_WARN_UNINITIALIZED_AUTOS = YES_AGGRESSIVE;
				GCC_WARN_UNUSED_FUNCTION = YES;
				GCC_WARN_UNUSED_VARIABLE = YES;
				IPHONEOS_DEPLOYMENT_TARGET = 16.0;
				MTL_ENABLE_DEBUG_INFO = INCLUDE_SOURCE;
				MTL_FAST_MATH = YES;
				ONLY_ACTIVE_ARCH = YES;
				SDKROOT = iphoneos;
				SWIFT_ACTIVE_COMPILATION_CONDITIONS = DEBUG;
				SWIFT_OPTIMIZATION_LEVEL = "-Onone";
			};
			name = Debug;
		};
		242C0C3128EEDD01004BF634 /* Release */ = {
			isa = XCBuildConfiguration;
			buildSettings = {
				ALWAYS_SEARCH_USER_PATHS = NO;
				CLANG_ANALYZER_NONNULL = YES;
				CLANG_ANALYZER_NUMBER_OBJECT_CONVERSION = YES_AGGRESSIVE;
				CLANG_CXX_LANGUAGE_STANDARD = "gnu++20";
				CLANG_ENABLE_MODULES = YES;
				CLANG_ENABLE_OBJC_ARC = YES;
				CLANG_ENABLE_OBJC_WEAK = YES;
				CLANG_WARN_BLOCK_CAPTURE_AUTORELEASING = YES;
				CLANG_WARN_BOOL_CONVERSION = YES;
				CLANG_WARN_COMMA = YES;
				CLANG_WARN_CONSTANT_CONVERSION = YES;
				CLANG_WARN_DEPRECATED_OBJC_IMPLEMENTATIONS = YES;
				CLANG_WARN_DIRECT_OBJC_ISA_USAGE = YES_ERROR;
				CLANG_WARN_DOCUMENTATION_COMMENTS = YES;
				CLANG_WARN_EMPTY_BODY = YES;
				CLANG_WARN_ENUM_CONVERSION = YES;
				CLANG_WARN_INFINITE_RECURSION = YES;
				CLANG_WARN_INT_CONVERSION = YES;
				CLANG_WARN_NON_LITERAL_NULL_CONVERSION = YES;
				CLANG_WARN_OBJC_IMPLICIT_RETAIN_SELF = YES;
				CLANG_WARN_OBJC_LITERAL_CONVERSION = YES;
				CLANG_WARN_OBJC_ROOT_CLASS = YES_ERROR;
				CLANG_WARN_QUOTED_INCLUDE_IN_FRAMEWORK_HEADER = YES;
				CLANG_WARN_RANGE_LOOP_ANALYSIS = YES;
				CLANG_WARN_STRICT_PROTOTYPES = YES;
				CLANG_WARN_SUSPICIOUS_MOVE = YES;
				CLANG_WARN_UNGUARDED_AVAILABILITY = YES_AGGRESSIVE;
				CLANG_WARN_UNREACHABLE_CODE = YES;
				CLANG_WARN__DUPLICATE_METHOD_MATCH = YES;
				COPY_PHASE_STRIP = NO;
				DEBUG_INFORMATION_FORMAT = "dwarf-with-dsym";
				ENABLE_NS_ASSERTIONS = NO;
				ENABLE_STRICT_OBJC_MSGSEND = YES;
				GCC_C_LANGUAGE_STANDARD = gnu11;
				GCC_NO_COMMON_BLOCKS = YES;
				GCC_WARN_64_TO_32_BIT_CONVERSION = YES;
				GCC_WARN_ABOUT_RETURN_TYPE = YES_ERROR;
				GCC_WARN_UNDECLARED_SELECTOR = YES;
				GCC_WARN_UNINITIALIZED_AUTOS = YES_AGGRESSIVE;
				GCC_WARN_UNUSED_FUNCTION = YES;
				GCC_WARN_UNUSED_VARIABLE = YES;
				IPHONEOS_DEPLOYMENT_TARGET = 16.0;
				MTL_ENABLE_DEBUG_INFO = NO;
				MTL_FAST_MATH = YES;
				SDKROOT = iphoneos;
				SWIFT_COMPILATION_MODE = wholemodule;
				SWIFT_OPTIMIZATION_LEVEL = "-O";
				VALIDATE_PRODUCT = YES;
			};
			name = Release;
		};
		242C0C3328EEDD01004BF634 /* Debug */ = {
			isa = XCBuildConfiguration;
			buildSettings = {
				ASSETCATALOG_COMPILER_APPICON_NAME = AppIcon;
				ASSETCATALOG_COMPILER_GLOBAL_ACCENT_COLOR_NAME = AccentColor;
				CODE_SIGN_STYLE = Automatic;
				CURRENT_PROJECT_VERSION = 1;
				DEVELOPMENT_TEAM = UJRW24XH5L;
				GENERATE_INFOPLIST_FILE = YES;
				INFOPLIST_FILE = Calculator_App/Resources/Info.plist;
				INFOPLIST_KEY_UIApplicationSupportsIndirectInputEvents = YES;
				INFOPLIST_KEY_UILaunchStoryboardName = LaunchScreen;
				INFOPLIST_KEY_UISupportedInterfaceOrientations = UIInterfaceOrientationPortrait;
				INFOPLIST_KEY_UISupportedInterfaceOrientations_iPad = "UIInterfaceOrientationLandscapeLeft UIInterfaceOrientationLandscapeRight UIInterfaceOrientationPortrait UIInterfaceOrientationPortraitUpsideDown";
				LD_RUNPATH_SEARCH_PATHS = (
					"$(inherited)",
					"@executable_path/Frameworks",
				);
				MARKETING_VERSION = 1.0;
				PRODUCT_BUNDLE_IDENTIFIER = "kodder.Calculator-App";
				PRODUCT_NAME = "$(TARGET_NAME)";
				SUPPORTED_PLATFORMS = "iphoneos iphonesimulator";
				SUPPORTS_MACCATALYST = NO;
				SUPPORTS_MAC_DESIGNED_FOR_IPHONE_IPAD = NO;
				SWIFT_EMIT_LOC_STRINGS = YES;
				SWIFT_VERSION = 5.0;
				TARGETED_DEVICE_FAMILY = 1;
			};
			name = Debug;
		};
		242C0C3428EEDD01004BF634 /* Release */ = {
			isa = XCBuildConfiguration;
			buildSettings = {
				ASSETCATALOG_COMPILER_APPICON_NAME = AppIcon;
				ASSETCATALOG_COMPILER_GLOBAL_ACCENT_COLOR_NAME = AccentColor;
				CODE_SIGN_STYLE = Automatic;
				CURRENT_PROJECT_VERSION = 1;
				DEVELOPMENT_TEAM = UJRW24XH5L;
				GENERATE_INFOPLIST_FILE = YES;
				INFOPLIST_FILE = Calculator_App/Resources/Info.plist;
				INFOPLIST_KEY_UIApplicationSupportsIndirectInputEvents = YES;
				INFOPLIST_KEY_UILaunchStoryboardName = LaunchScreen;
				INFOPLIST_KEY_UISupportedInterfaceOrientations = UIInterfaceOrientationPortrait;
				INFOPLIST_KEY_UISupportedInterfaceOrientations_iPad = "UIInterfaceOrientationLandscapeLeft UIInterfaceOrientationLandscapeRight UIInterfaceOrientationPortrait UIInterfaceOrientationPortraitUpsideDown";
				LD_RUNPATH_SEARCH_PATHS = (
					"$(inherited)",
					"@executable_path/Frameworks",
				);
				MARKETING_VERSION = 1.0;
				PRODUCT_BUNDLE_IDENTIFIER = "kodder.Calculator-App";
				PRODUCT_NAME = "$(TARGET_NAME)";
				SUPPORTED_PLATFORMS = "iphoneos iphonesimulator";
				SUPPORTS_MACCATALYST = NO;
				SUPPORTS_MAC_DESIGNED_FOR_IPHONE_IPAD = NO;
				SWIFT_EMIT_LOC_STRINGS = YES;
				SWIFT_VERSION = 5.0;
				TARGETED_DEVICE_FAMILY = 1;
			};
			name = Release;
		};
/* End XCBuildConfiguration section */

/* Begin XCConfigurationList section */
		242C0C1928EEDCFF004BF634 /* Build configuration list for PBXProject "Calculator_App" */ = {
			isa = XCConfigurationList;
			buildConfigurations = (
				242C0C3028EEDD01004BF634 /* Debug */,
				242C0C3128EEDD01004BF634 /* Release */,
			);
			defaultConfigurationIsVisible = 0;
			defaultConfigurationName = Release;
		};
		242C0C3228EEDD01004BF634 /* Build configuration list for PBXNativeTarget "Calculator_App" */ = {
			isa = XCConfigurationList;
			buildConfigurations = (
				242C0C3328EEDD01004BF634 /* Debug */,
				242C0C3428EEDD01004BF634 /* Release */,
			);
			defaultConfigurationIsVisible = 0;
			defaultConfigurationName = Release;
		};
/* End XCConfigurationList section */
	};
	rootObject = 242C0C1628EEDCFF004BF634 /* Project object */;
}
